
Microsoft Visual Studio Solution File, Format Version 12.00
# Visual Studio Version 17
VisualStudioVersion = 17.10.35013.160
MinimumVisualStudioVersion = 10.0.40219.1
Project("{FAE04EC0-301F-11D3-BF4B-00C04F79EFBC}") = "ShopThuongMaiDienTu", "ShopThuongMaiDienTu\ShopThuongMaiDienTu.csproj", "{3C55121E-1B21-490E-A5A9-B184CFBCC45C}"
EndProject
Global
	GlobalSection(SolutionConfigurationPlatforms) = preSolution
		Debug|Any CPU = Debug|Any CPU
		Release|Any CPU = Release|Any CPU
	EndGlobalSection
	GlobalSection(ProjectConfigurationPlatforms) = postSolution
		{3C55121E-1B21-490E-A5A9-B184CFBCC45C}.Debug|Any CPU.ActiveCfg = Debug|Any CPU
		{3C55121E-1B21-490E-A5A9-B184CFBCC45C}.Debug|Any CPU.Build.0 = Debug|Any CPU
		{3C55121E-1B21-490E-A5A9-B184CFBCC45C}.Release|Any CPU.ActiveCfg = Release|Any CPU
		{3C55121E-1B21-490E-A5A9-B184CFBCC45C}.Release|Any CPU.Build.0 = Release|Any CPU
	EndGlobalSection
	GlobalSection(SolutionProperties) = preSolution
		HideSolutionNode = FALSE
	EndGlobalSection
	GlobalSection(ExtensibilityGlobals) = postSolution
		SolutionGuid = {432C23CB-C72D-4A4F-B8D4-356B50ED0135}
	EndGlobalSection
EndGlobal
